// !$*UTF8*$!
{
	archiveVersion = 1;
	classes = {
	};
	objectVersion = 48;
	objects = {

/* Begin PBXBuildFile section */
		6C5CB6A1202E86C800722B67 /* FlowerClassifier.mlmodel in Sources */ = {isa = PBXBuildFile; fileRef = 6C5CB6A0202E86C800722B67 /* FlowerClassifier.mlmodel */; };
		6C7051CD202D3CF300B0D122 /* AppDelegate.swift in Sources */ = {isa = PBXBuildFile; fileRef = 6C7051CC202D3CF300B0D122 /* AppDelegate.swift */; };
		6C7051D2202D3CF300B0D122 /* Main.storyboard in Resources */ = {isa = PBXBuildFile; fileRef = 6C7051D0202D3CF300B0D122 /* Main.storyboard */; };
		6C7051D4202D3CF300B0D122 /* Assets.xcassets in Resources */ = {isa = PBXBuildFile; fileRef = 6C7051D3202D3CF300B0D122 /* Assets.xcassets */; };
		6C7051D7202D3CF300B0D122 /* LaunchScreen.storyboard in Resources */ = {isa = PBXBuildFile; fileRef = 6C7051D5202D3CF300B0D122 /* LaunchScreen.storyboard */; };
		6C7051DF202D3D5700B0D122 /* CameraController.swift in Sources */ = {isa = PBXBuildFile; fileRef = 6C7051DE202D3D5700B0D122 /* CameraController.swift */; };
		DF95E81ABFCE9A2D07BFAD8F /* Pods_FlowerPower.framework in Frameworks */ = {isa = PBXBuildFile; fileRef = 6F665134795851CC446A3BA7 /* Pods_FlowerPower.framework */; };
/* End PBXBuildFile section */

/* Begin PBXFileReference section */
		1B4A4CC5E5699436B95A718E /* Pods-FlowerPower.release.xcconfig */ = {isa = PBXFileReference; includeInIndex = 1; lastKnownFileType = text.xcconfig; name = "Pods-FlowerPower.release.xcconfig"; path = "Pods/Target Support Files/Pods-FlowerPower/Pods-FlowerPower.release.xcconfig"; sourceTree = "<group>"; };
		6C5CB6A0202E86C800722B67 /* FlowerClassifier.mlmodel */ = {isa = PBXFileReference; lastKnownFileType = file.mlmodel; path = FlowerClassifier.mlmodel; sourceTree = "<group>"; };
		6C7051C9202D3CF300B0D122 /* FlowerPower.app */ = {isa = PBXFileReference; explicitFileType = wrapper.application; includeInIndex = 0; path = FlowerPower.app; sourceTree = BUILT_PRODUCTS_DIR; };
		6C7051CC202D3CF300B0D122 /* AppDelegate.swift */ = {isa = PBXFileReference; lastKnownFileType = sourcecode.swift; path = AppDelegate.swift; sourceTree = "<group>"; };
		6C7051D1202D3CF300B0D122 /* Base */ = {isa = PBXFileReference; lastKnownFileType = file.storyboard; name = Base; path = Base.lproj/Main.storyboard; sourceTree = "<group>"; };
		6C7051D3202D3CF300B0D122 /* Assets.xcassets */ = {isa = PBXFileReference; lastKnownFileType = folder.assetcatalog; path = Assets.xcassets; sourceTree = "<group>"; };
		6C7051D6202D3CF300B0D122 /* Base */ = {isa = PBXFileReference; lastKnownFileType = file.storyboard; name = Base; path = Base.lproj/LaunchScreen.storyboard; sourceTree = "<group>"; };
		6C7051D8202D3CF300B0D122 /* Info.plist */ = {isa = PBXFileReference; lastKnownFileType = text.plist.xml; path = Info.plist; sourceTree = "<group>"; };
		6C7051DE202D3D5700B0D122 /* CameraController.swift */ = {isa = PBXFileReference; lastKnownFileType = sourcecode.swift; name = CameraController.swift; path = Controllers/CameraController.swift; sourceTree = "<group>"; };
		6F665134795851CC446A3BA7 /* Pods_FlowerPower.framework */ = {isa = PBXFileReference; explicitFileType = wrapper.framework; includeInIndex = 0; path = Pods_FlowerPower.framework; sourceTree = BUILT_PRODUCTS_DIR; };
		E76D03693983997A61C0B475 /* Pods-FlowerPower.debug.xcconfig */ = {isa = PBXFileReference; includeInIndex = 1; lastKnownFileType = text.xcconfig; name = "Pods-FlowerPower.debug.xcconfig"; path = "Pods/Target Support Files/Pods-FlowerPower/Pods-FlowerPower.debug.xcconfig"; sourceTree = "<group>"; };
/* End PBXFileReference section */

/* Begin PBXFrameworksBuildPhase section */
		6C7051C6202D3CF300B0D122 /* Frameworks */ = {
			isa = PBXFrameworksBuildPhase;
			buildActionMask = 2147483647;
			files = (
				DF95E81ABFCE9A2D07BFAD8F /* Pods_FlowerPower.framework in Frameworks */,
			);
			runOnlyForDeploymentPostprocessing = 0;
		};
/* End PBXFrameworksBuildPhase section */

/* Begin PBXGroup section */
		359E850DD90FF0320E4285EE /* Frameworks */ = {
			isa = PBXGroup;
			children = (
				6F665134795851CC446A3BA7 /* Pods_FlowerPower.framework */,
			);
			name = Frameworks;
			sourceTree = "<group>";
		};
		5C5E2719CCC1E55F10BF5917 /* Pods */ = {
			isa = PBXGroup;
			children = (
				E76D03693983997A61C0B475 /* Pods-FlowerPower.debug.xcconfig */,
				1B4A4CC5E5699436B95A718E /* Pods-FlowerPower.release.xcconfig */,
			);
			name = Pods;
			sourceTree = "<group>";
		};
		6C7051C0202D3CF300B0D122 = {
			isa = PBXGroup;
			children = (
				6C7051CB202D3CF300B0D122 /* FlowerPower */,
				6C7051CA202D3CF300B0D122 /* Products */,
				5C5E2719CCC1E55F10BF5917 /* Pods */,
				359E850DD90FF0320E4285EE /* Frameworks */,
			);
			sourceTree = "<group>";
		};
		6C7051CA202D3CF300B0D122 /* Products */ = {
			isa = PBXGroup;
			children = (
				6C7051C9202D3CF300B0D122 /* FlowerPower.app */,
			);
			name = Products;
			sourceTree = "<group>";
		};
		6C7051CB202D3CF300B0D122 /* FlowerPower */ = {
			isa = PBXGroup;
			children = (
				6C7051CC202D3CF300B0D122 /* AppDelegate.swift */,
				6C7051DE202D3D5700B0D122 /* CameraController.swift */,
				6C7051D0202D3CF300B0D122 /* Main.storyboard */,
				6C7051D3202D3CF300B0D122 /* Assets.xcassets */,
				6C7051D5202D3CF300B0D122 /* LaunchScreen.storyboard */,
				6C7051D8202D3CF300B0D122 /* Info.plist */,
				6C5CB6A0202E86C800722B67 /* FlowerClassifier.mlmodel */,
			);
			path = FlowerPower;
			sourceTree = "<group>";
		};
/* End PBXGroup section */

/* Begin PBXNativeTarget section */
		6C7051C8202D3CF300B0D122 /* FlowerPower */ = {
			isa = PBXNativeTarget;
			buildConfigurationList = 6C7051DB202D3CF300B0D122 /* Build configuration list for PBXNativeTarget "FlowerPower" */;
			buildPhases = (
				333389F391028188416C8198 /* [CP] Check Pods Manifest.lock */,
				6C7051C5202D3CF300B0D122 /* Sources */,
				6C7051C6202D3CF300B0D122 /* Frameworks */,
				6C7051C7202D3CF300B0D122 /* Resources */,
				241EAF6C123601B250E536E3 /* [CP] Embed Pods Frameworks */,
				C9A92964E63DDB756B3A6782 /* [CP] Copy Pods Resources */,
			);
			buildRules = (
			);
			dependencies = (
			);
			name = FlowerPower;
			productName = FlowerPower;
			productReference = 6C7051C9202D3CF300B0D122 /* FlowerPower.app */;
			productType = "com.apple.product-type.application";
		};
/* End PBXNativeTarget section */

/* Begin PBXProject section */
		6C7051C1202D3CF300B0D122 /* Project object */ = {
			isa = PBXProject;
			attributes = {
				LastSwiftUpdateCheck = 0920;
				LastUpgradeCheck = 0920;
				ORGANIZATIONNAME = ddApps;
				TargetAttributes = {
					6C7051C8202D3CF300B0D122 = {
						CreatedOnToolsVersion = 9.2;
						ProvisioningStyle = Manual;
					};
				};
			};
			buildConfigurationList = 6C7051C4202D3CF300B0D122 /* Build configuration list for PBXProject "FlowerPower" */;
			compatibilityVersion = "Xcode 8.0";
			developmentRegion = en;
			hasScannedForEncodings = 0;
			knownRegions = (
				en,
				Base,
			);
			mainGroup = 6C7051C0202D3CF300B0D122;
			productRefGroup = 6C7051CA202D3CF300B0D122 /* Products */;
			projectDirPath = "";
			projectRoot = "";
			targets = (
				6C7051C8202D3CF300B0D122 /* FlowerPower */,
			);
		};
/* End PBXProject section */

/* Begin PBXResourcesBuildPhase section */
		6C7051C7202D3CF300B0D122 /* Resources */ = {
			isa = PBXResourcesBuildPhase;
			buildActionMask = 2147483647;
			files = (
				6C7051D7202D3CF300B0D122 /* LaunchScreen.storyboard in Resources */,
				6C7051D4202D3CF300B0D122 /* Assets.xcassets in Resources */,
				6C7051D2202D3CF300B0D122 /* Main.storyboard in Resources */,
			);
			runOnlyForDeploymentPostprocessing = 0;
		};
/* End PBXResourcesBuildPhase section */

/* Begin PBXShellScriptBuildPhase section */
		241EAF6C123601B250E536E3 /* [CP] Embed Pods Frameworks */ = {
			isa = PBXShellScriptBuildPhase;
			buildActionMask = 2147483647;
			files = (
			);
			inputPaths = (
				"${SRCROOT}/Pods/Target Support Files/Pods-FlowerPower/Pods-FlowerPower-frameworks.sh",
				"${BUILT_PRODUCTS_DIR}/Alamofire/Alamofire.framework",
				"${BUILT_PRODUCTS_DIR}/SwiftyJSON/SwiftyJSON.framework",
			);
			name = "[CP] Embed Pods Frameworks";
			outputPaths = (
				"${TARGET_BUILD_DIR}/${FRAMEWORKS_FOLDER_PATH}/Alamofire.framework",
				"${TARGET_BUILD_DIR}/${FRAMEWORKS_FOLDER_PATH}/SwiftyJSON.framework",
			);
			runOnlyForDeploymentPostprocessing = 0;
			shellPath = /bin/sh;
			shellScript = "\"${SRCROOT}/Pods/Target Support Files/Pods-FlowerPower/Pods-FlowerPower-frameworks.sh\"\n";
			showEnvVarsInLog = 0;
		};
		333389F391028188416C8198 /* [CP] Check Pods Manifest.lock */ = {
			isa = PBXShellScriptBuildPhase;
			buildActionMask = 2147483647;
			files = (
			);
			inputPaths = (
				"${PODS_PODFILE_DIR_PATH}/Podfile.lock",
				"${PODS_ROOT}/Manifest.lock",
			);
			name = "[CP] Check Pods Manifest.lock";
			outputPaths = (
				"$(DERIVED_FILE_DIR)/Pods-FlowerPower-checkManifestLockResult.txt",
			);
			runOnlyForDeploymentPostprocessing = 0;
			shellPath = /bin/sh;
			shellScript = "diff \"${PODS_PODFILE_DIR_PATH}/Podfile.lock\" \"${PODS_ROOT}/Manifest.lock\" > /dev/null\nif [ $? != 0 ] ; then\n    # print error to STDERR\n    echo \"error: The sandbox is not in sync with the Podfile.lock. Run 'pod install' or update your CocoaPods installation.\" >&2\n    exit 1\nfi\n# This output is used by Xcode 'outputs' to avoid re-running this script phase.\necho \"SUCCESS\" > \"${SCRIPT_OUTPUT_FILE_0}\"\n";
			showEnvVarsInLog = 0;
		};
		C9A92964E63DDB756B3A6782 /* [CP] Copy Pods Resources */ = {
			isa = PBXShellScriptBuildPhase;
			buildActionMask = 2147483647;
			files = (
			);
			inputPaths = (
			);
			name = "[CP] Copy Pods Resources";
			outputPaths = (
			);
			runOnlyForDeploymentPostprocessing = 0;
			shellPath = /bin/sh;
			shellScript = "\"${SRCROOT}/Pods/Target Support Files/Pods-FlowerPower/Pods-FlowerPower-resources.sh\"\n";
			showEnvVarsInLog = 0;
		};
/* End PBXShellScriptBuildPhase section */

/* Begin PBXSourcesBuildPhase section */
		6C7051C5202D3CF300B0D122 /* Sources */ = {
			isa = PBXSourcesBuildPhase;
			buildActionMask = 2147483647;
			files = (
				6C5CB6A1202E86C800722B67 /* FlowerClassifier.mlmodel in Sources */,
				6C7051DF202D3D5700B0D122 /* CameraController.swift in Sources */,
				6C7051CD202D3CF300B0D122 /* AppDelegate.swift in Sources */,
			);
			runOnlyForDeploymentPostprocessing = 0;
		};
/* End PBXSourcesBuildPhase section */

/* Begin PBXVariantGroup section */
		6C7051D0202D3CF300B0D122 /* Main.storyboard */ = {
			isa = PBXVariantGroup;
			children = (
				6C7051D1202D3CF300B0D122 /* Base */,
			);
			name = Main.storyboard;
			sourceTree = "<group>";
		};
		6C7051D5202D3CF300B0D122 /* LaunchScreen.storyboard */ = {
			isa = PBXVariantGroup;
			children = (
				6C7051D6202D3CF300B0D122 /* Base */,
			);
			name = LaunchScreen.storyboard;
			sourceTree = "<group>";
		};
/* End PBXVariantGroup section */

/* Begin XCBuildConfiguration section */
		6C7051D9202D3CF300B0D122 /* Debug */ = {
			isa = XCBuildConfiguration;
			buildSettings = {
				ALWAYS_SEARCH_USER_PATHS = NO;
				CLANG_ANALYZER_NONNULL = YES;
				CLANG_ANALYZER_NUMBER_OBJECT_CONVERSION = YES_AGGRESSIVE;
				CLANG_CXX_LANGUAGE_STANDARD = "gnu++14";
				CLANG_CXX_LIBRARY = "libc++";
				CLANG_ENABLE_MODULES = YES;
				CLANG_ENABLE_OBJC_ARC = YES;
				CLANG_WARN_BLOCK_CAPTURE_AUTORELEASING = YES;
				CLANG_WARN_BOOL_CONVERSION = YES;
				CLANG_WARN_COMMA = YES;
				CLANG_WARN_CONSTANT_CONVERSION = YES;
				CLANG_WARN_DIRECT_OBJC_ISA_USAGE = YES_ERROR;
				CLANG_WARN_DOCUMENTATION_COMMENTS = YES;
				CLANG_WARN_EMPTY_BODY = YES;
				CLANG_WARN_ENUM_CONVERSION = YES;
				CLANG_WARN_INFINITE_RECURSION = YES;
				CLANG_WARN_INT_CONVERSION = YES;
				CLANG_WARN_NON_LITERAL_NULL_CONVERSION = YES;
				CLANG_WARN_OBJC_LITERAL_CONVERSION = YES;
				CLANG_WARN_OBJC_ROOT_CLASS = YES_ERROR;
				CLANG_WARN_RANGE_LOOP_ANALYSIS = YES;
				CLANG_WARN_STRICT_PROTOTYPES = YES;
				CLANG_WARN_SUSPICIOUS_MOVE = YES;
				CLANG_WARN_UNGUARDED_AVAILABILITY = YES_AGGRESSIVE;
				CLANG_WARN_UNREACHABLE_CODE = YES;
				CLANG_WARN__DUPLICATE_METHOD_MATCH = YES;
				CODE_SIGN_IDENTITY = "iPhone Developer";
				COPY_PHASE_STRIP = NO;
				DEBUG_INFORMATION_FORMAT = dwarf;
				ENABLE_STRICT_OBJC_MSGSEND = YES;
				ENABLE_TESTABILITY = YES;
				GCC_C_LANGUAGE_STANDARD = gnu11;
				GCC_DYNAMIC_NO_PIC = NO;
				GCC_NO_COMMON_BLOCKS = YES;
				GCC_OPTIMIZATION_LEVEL = 0;
				GCC_PREPROCESSOR_DEFINITIONS = (
					"DEBUG=1",
					"$(inherited)",
				);
				GCC_WARN_64_TO_32_BIT_CONVERSION = YES;
				GCC_WARN_ABOUT_RETURN_TYPE = YES_ERROR;
				GCC_WARN_UNDECLARED_SELECTOR = YES;
				GCC_WARN_UNINITIALIZED_AUTOS = YES_AGGRESSIVE;
				GCC_WARN_UNUSED_FUNCTION = YES;
				GCC_WARN_UNUSED_VARIABLE = YES;
				IPHONEOS_DEPLOYMENT_TARGET = 11.2;
				MTL_ENABLE_DEBUG_INFO = YES;
				ONLY_ACTIVE_ARCH = YES;
				SDKROOT = iphoneos;
				SWIFT_ACTIVE_COMPILATION_CONDITIONS = DEBUG;
				SWIFT_OPTIMIZATION_LEVEL = "-Onone";
			};
			name = Debug;
		};
		6C7051DA202D3CF300B0D122 /* Release */ = {
			isa = XCBuildConfiguration;
			buildSettings = {
				ALWAYS_SEARCH_USER_PATHS = NO;
				CLANG_ANALYZER_NONNULL = YES;
				CLANG_ANALYZER_NUMBER_OBJECT_CONVERSION = YES_AGGRESSIVE;
				CLANG_CXX_LANGUAGE_STANDARD = "gnu++14";
				CLANG_CXX_LIBRARY = "libc++";
				CLANG_ENABLE_MODULES = YES;
				CLANG_ENABLE_OBJC_ARC = YES;
				CLANG_WARN_BLOCK_CAPTURE_AUTORELEASING = YES;
				CLANG_WARN_BOOL_CONVERSION = YES;
				CLANG_WARN_COMMA = YES;
				CLANG_WARN_CONSTANT_CONVERSION = YES;
				CLANG_WARN_DIRECT_OBJC_ISA_USAGE = YES_ERROR;
				CLANG_WARN_DOCUMENTATION_COMMENTS = YES;
				CLANG_WARN_EMPTY_BODY = YES;
				CLANG_WARN_ENUM_CONVERSION = YES;
				CLANG_WARN_INFINITE_RECURSION = YES;
				CLANG_WARN_INT_CONVERSION = YES;
				CLANG_WARN_NON_LITERAL_NULL_CONVERSION = YES;
				CLANG_WARN_OBJC_LITERAL_CONVERSION = YES;
				CLANG_WARN_OBJC_ROOT_CLASS = YES_ERROR;
				CLANG_WARN_RANGE_LOOP_ANALYSIS = YES;
				CLANG_WARN_STRICT_PROTOTYPES = YES;
				CLANG_WARN_SUSPICIOUS_MOVE = YES;
				CLANG_WARN_UNGUARDED_AVAILABILITY = YES_AGGRESSIVE;
				CLANG_WARN_UNREACHABLE_CODE = YES;
				CLANG_WARN__DUPLICATE_METHOD_MATCH = YES;
				CODE_SIGN_IDENTITY = "iPhone Developer";
				COPY_PHASE_STRIP = NO;
				DEBUG_INFORMATION_FORMAT = "dwarf-with-dsym";
				ENABLE_NS_ASSERTIONS = NO;
				ENABLE_STRICT_OBJC_MSGSEND = YES;
				GCC_C_LANGUAGE_STANDARD = gnu11;
				GCC_NO_COMMON_BLOCKS = YES;
				GCC_WARN_64_TO_32_BIT_CONVERSION = YES;
				GCC_WARN_ABOUT_RETURN_TYPE = YES_ERROR;
				GCC_WARN_UNDECLARED_SELECTOR = YES;
				GCC_WARN_UNINITIALIZED_AUTOS = YES_AGGRESSIVE;
				GCC_WARN_UNUSED_FUNCTION = YES;
				GCC_WARN_UNUSED_VARIABLE = YES;
				IPHONEOS_DEPLOYMENT_TARGET = 11.2;
				MTL_ENABLE_DEBUG_INFO = NO;
				SDKROOT = iphoneos;
				SWIFT_OPTIMIZATION_LEVEL = "-Owholemodule";
				VALIDATE_PRODUCT = YES;
			};
			name = Release;
		};
		6C7051DC202D3CF300B0D122 /* Debug */ = {
			isa = XCBuildConfiguration;
			baseConfigurationReference = E76D03693983997A61C0B475 /* Pods-FlowerPower.debug.xcconfig */;
			buildSettings = {
				ASSETCATALOG_COMPILER_APPICON_NAME = AppIcon;
				CODE_SIGN_STYLE = Manual;
				DEVELOPMENT_TEAM = "";
				INFOPLIST_FILE = FlowerPower/Info.plist;
				IPHONEOS_DEPLOYMENT_TARGET = 11.0;
				LD_RUNPATH_SEARCH_PATHS = "$(inherited) @executable_path/Frameworks";
				PRODUCT_BUNDLE_IDENTIFIER = co.ddapps.flowerpower;
				PRODUCT_NAME = "$(TARGET_NAME)";
				PROVISIONING_PROFILE_SPECIFIER = "";
				SWIFT_VERSION = 4.0;
				TARGETED_DEVICE_FAMILY = "1,2";
			};
			name = Debug;
		};
		6C7051DD202D3CF300B0D122 /* Release */ = {
			isa = XCBuildConfiguration;
			baseConfigurationReference = 1B4A4CC5E5699436B95A718E /* Pods-FlowerPower.release.xcconfig */;
			buildSettings = {
				ASSETCATALOG_COMPILER_APPICON_NAME = AppIcon;
				CODE_SIGN_STYLE = Manual;
				DEVELOPMENT_TEAM = "";
				INFOPLIST_FILE = FlowerPower/Info.plist;
				IPHONEOS_DEPLOYMENT_TARGET = 11.0;
				LD_RUNPATH_SEARCH_PATHS = "$(inherited) @executable_path/Frameworks";
				PRODUCT_BUNDLE_IDENTIFIER = co.ddapps.flowerpower;
				PRODUCT_NAME = "$(TARGET_NAME)";
				PROVISIONING_PROFILE_SPECIFIER = "";
				SWIFT_VERSION = 4.0;
				TARGETED_DEVICE_FAMILY = "1,2";
			};
			name = Release;
		};
/* End XCBuildConfiguration section */

/* Begin XCConfigurationList section */
		6C7051C4202D3CF300B0D122 /* Build configuration list for PBXProject "FlowerPower" */ = {
			isa = XCConfigurationList;
			buildConfigurations = (
				6C7051D9202D3CF300B0D122 /* Debug */,
				6C7051DA202D3CF300B0D122 /* Release */,
			);
			defaultConfigurationIsVisible = 0;
			defaultConfigurationName = Release;
		};
		6C7051DB202D3CF300B0D122 /* Build configuration list for PBXNativeTarget "FlowerPower" */ = {
			isa = XCConfigurationList;
			buildConfigurations = (
				6C7051DC202D3CF300B0D122 /* Debug */,
				6C7051DD202D3CF300B0D122 /* Release */,
			);
			defaultConfigurationIsVisible = 0;
			defaultConfigurationName = Release;
		};
/* End XCConfigurationList section */
	};
	rootObject = 6C7051C1202D3CF300B0D122 /* Project object */;
}
